// !$*UTF8*$!
{
	archiveVersion = 1;
	classes = {
	};
	objectVersion = 56;
	objects = {

/* Begin PBXBuildFile section */
		C21AAA0A2A7510C70061100A /* PlaygroundApp.swift in Sources */ = {isa = PBXBuildFile; fileRef = C21AAA092A7510C70061100A /* PlaygroundApp.swift */; };
		C21AAA0C2A7510C70061100A /* ContentView.swift in Sources */ = {isa = PBXBuildFile; fileRef = C21AAA0B2A7510C70061100A /* ContentView.swift */; };
		C21AAA0E2A7510CA0061100A /* Assets.xcassets in Resources */ = {isa = PBXBuildFile; fileRef = C21AAA0D2A7510CA0061100A /* Assets.xcassets */; };
		C21AAA112A7510CA0061100A /* Preview Assets.xcassets in Resources */ = {isa = PBXBuildFile; fileRef = C21AAA102A7510CA0061100A /* Preview Assets.xcassets */; };
		C21AAA192A7511A90061100A /* SwingAnimation in Frameworks */ = {isa = PBXBuildFile; productRef = C21AAA182A7511A90061100A /* SwingAnimation */; };
		C2E174152A930118002CA2CD /* WidgetKit.framework in Frameworks */ = {isa = PBXBuildFile; fileRef = C24BE6F92A92F34B0091C841 /* WidgetKit.framework */; };
		C2E174162A930118002CA2CD /* SwiftUI.framework in Frameworks */ = {isa = PBXBuildFile; fileRef = C24BE6FB2A92F34B0091C841 /* SwiftUI.framework */; };
		C2E174192A930118002CA2CD /* FancyWidgetBundle.swift in Sources */ = {isa = PBXBuildFile; fileRef = C2E174182A930118002CA2CD /* FancyWidgetBundle.swift */; };
		C2E1741B2A930118002CA2CD /* FancyWidget.swift in Sources */ = {isa = PBXBuildFile; fileRef = C2E1741A2A930118002CA2CD /* FancyWidget.swift */; };
		C2E1741D2A930119002CA2CD /* Assets.xcassets in Resources */ = {isa = PBXBuildFile; fileRef = C2E1741C2A930119002CA2CD /* Assets.xcassets */; };
		C2E174212A930119002CA2CD /* FancyWidgetExtension.appex in Embed Foundation Extensions */ = {isa = PBXBuildFile; fileRef = C2E174142A930118002CA2CD /* FancyWidgetExtension.appex */; settings = {ATTRIBUTES = (RemoveHeadersOnCopy, ); }; };
		C2E174262A930187002CA2CD /* SwingAnimation in Frameworks */ = {isa = PBXBuildFile; productRef = C2E174252A930187002CA2CD /* SwingAnimation */; };
/* End PBXBuildFile section */

/* Begin PBXContainerItemProxy section */
		C2E1741F2A930119002CA2CD /* PBXContainerItemProxy */ = {
			isa = PBXContainerItemProxy;
			containerPortal = C21AA9FE2A7510C70061100A /* Project object */;
			proxyType = 1;
			remoteGlobalIDString = C2E174132A930118002CA2CD;
			remoteInfo = FancyWidgetExtension;
		};
/* End PBXContainerItemProxy section */

/* Begin PBXCopyFilesBuildPhase section */
		C24BE7082A92F34D0091C841 /* Embed Foundation Extensions */ = {
			isa = PBXCopyFilesBuildPhase;
			buildActionMask = 2147483647;
			dstPath = "";
			dstSubfolderSpec = 13;
			files = (
				C2E174212A930119002CA2CD /* FancyWidgetExtension.appex in Embed Foundation Extensions */,
			);
			name = "Embed Foundation Extensions";
			runOnlyForDeploymentPostprocessing = 0;
		};
/* End PBXCopyFilesBuildPhase section */

/* Begin PBXFileReference section */
		C21AAA062A7510C70061100A /* Playground.app */ = {isa = PBXFileReference; explicitFileType = wrapper.application; includeInIndex = 0; path = Playground.app; sourceTree = BUILT_PRODUCTS_DIR; };
		C21AAA092A7510C70061100A /* PlaygroundApp.swift */ = {isa = PBXFileReference; lastKnownFileType = sourcecode.swift; path = PlaygroundApp.swift; sourceTree = "<group>"; };
		C21AAA0B2A7510C70061100A /* ContentView.swift */ = {isa = PBXFileReference; lastKnownFileType = sourcecode.swift; path = ContentView.swift; sourceTree = "<group>"; };
		C21AAA0D2A7510CA0061100A /* Assets.xcassets */ = {isa = PBXFileReference; lastKnownFileType = folder.assetcatalog; path = Assets.xcassets; sourceTree = "<group>"; };
		C21AAA102A7510CA0061100A /* Preview Assets.xcassets */ = {isa = PBXFileReference; lastKnownFileType = folder.assetcatalog; path = "Preview Assets.xcassets"; sourceTree = "<group>"; };
		C24BE6F92A92F34B0091C841 /* WidgetKit.framework */ = {isa = PBXFileReference; lastKnownFileType = wrapper.framework; name = WidgetKit.framework; path = System/Library/Frameworks/WidgetKit.framework; sourceTree = SDKROOT; };
		C24BE6FB2A92F34B0091C841 /* SwiftUI.framework */ = {isa = PBXFileReference; lastKnownFileType = wrapper.framework; name = SwiftUI.framework; path = System/Library/Frameworks/SwiftUI.framework; sourceTree = SDKROOT; };
		C2E174142A930118002CA2CD /* FancyWidgetExtension.appex */ = {isa = PBXFileReference; explicitFileType = "wrapper.app-extension"; includeInIndex = 0; path = FancyWidgetExtension.appex; sourceTree = BUILT_PRODUCTS_DIR; };
		C2E174182A930118002CA2CD /* FancyWidgetBundle.swift */ = {isa = PBXFileReference; lastKnownFileType = sourcecode.swift; path = FancyWidgetBundle.swift; sourceTree = "<group>"; };
		C2E1741A2A930118002CA2CD /* FancyWidget.swift */ = {isa = PBXFileReference; lastKnownFileType = sourcecode.swift; path = FancyWidget.swift; sourceTree = "<group>"; };
		C2E1741C2A930119002CA2CD /* Assets.xcassets */ = {isa = PBXFileReference; lastKnownFileType = folder.assetcatalog; path = Assets.xcassets; sourceTree = "<group>"; };
		C2E1741E2A930119002CA2CD /* Info.plist */ = {isa = PBXFileReference; lastKnownFileType = text.plist.xml; path = Info.plist; sourceTree = "<group>"; };
/* End PBXFileReference section */

/* Begin PBXFrameworksBuildPhase section */
		C21AAA032A7510C70061100A /* Frameworks */ = {
			isa = PBXFrameworksBuildPhase;
			buildActionMask = 2147483647;
			files = (
				C21AAA192A7511A90061100A /* SwingAnimation in Frameworks */,
			);
			runOnlyForDeploymentPostprocessing = 0;
		};
		C2E174112A930118002CA2CD /* Frameworks */ = {
			isa = PBXFrameworksBuildPhase;
			buildActionMask = 2147483647;
			files = (
				C2E174162A930118002CA2CD /* SwiftUI.framework in Frameworks */,
				C2E174152A930118002CA2CD /* WidgetKit.framework in Frameworks */,
				C2E174262A930187002CA2CD /* SwingAnimation in Frameworks */,
			);
			runOnlyForDeploymentPostprocessing = 0;
		};
/* End PBXFrameworksBuildPhase section */

/* Begin PBXGroup section */
		C21AA9FD2A7510C70061100A = {
			isa = PBXGroup;
			children = (
				C21AAA082A7510C70061100A /* Playground */,
				C2E174172A930118002CA2CD /* FancyWidget */,
				C21AAA072A7510C70061100A /* Products */,
				C21AAA172A7511A90061100A /* Frameworks */,
			);
			sourceTree = "<group>";
		};
		C21AAA072A7510C70061100A /* Products */ = {
			isa = PBXGroup;
			children = (
				C21AAA062A7510C70061100A /* Playground.app */,
				C2E174142A930118002CA2CD /* FancyWidgetExtension.appex */,
			);
			name = Products;
			sourceTree = "<group>";
		};
		C21AAA082A7510C70061100A /* Playground */ = {
			isa = PBXGroup;
			children = (
				C21AAA092A7510C70061100A /* PlaygroundApp.swift */,
				C21AAA0B2A7510C70061100A /* ContentView.swift */,
				C21AAA0D2A7510CA0061100A /* Assets.xcassets */,
				C21AAA0F2A7510CA0061100A /* Preview Content */,
			);
			path = Playground;
			sourceTree = "<group>";
		};
		C21AAA0F2A7510CA0061100A /* Preview Content */ = {
			isa = PBXGroup;
			children = (
				C21AAA102A7510CA0061100A /* Preview Assets.xcassets */,
			);
			path = "Preview Content";
			sourceTree = "<group>";
		};
		C21AAA172A7511A90061100A /* Frameworks */ = {
			isa = PBXGroup;
			children = (
				C24BE6F92A92F34B0091C841 /* WidgetKit.framework */,
				C24BE6FB2A92F34B0091C841 /* SwiftUI.framework */,
			);
			name = Frameworks;
			sourceTree = "<group>";
		};
		C2E174172A930118002CA2CD /* FancyWidget */ = {
			isa = PBXGroup;
			children = (
				C2E174182A930118002CA2CD /* FancyWidgetBundle.swift */,
				C2E1741A2A930118002CA2CD /* FancyWidget.swift */,
				C2E1741C2A930119002CA2CD /* Assets.xcassets */,
				C2E1741E2A930119002CA2CD /* Info.plist */,
			);
			path = FancyWidget;
			sourceTree = "<group>";
		};
/* End PBXGroup section */

/* Begin PBXNativeTarget section */
		C21AAA052A7510C70061100A /* Playground */ = {
			isa = PBXNativeTarget;
			buildConfigurationList = C21AAA142A7510CA0061100A /* Build configuration list for PBXNativeTarget "Playground" */;
			buildPhases = (
				C21AAA022A7510C70061100A /* Sources */,
				C21AAA032A7510C70061100A /* Frameworks */,
				C21AAA042A7510C70061100A /* Resources */,
				C24BE7082A92F34D0091C841 /* Embed Foundation Extensions */,
			);
			buildRules = (
			);
			dependencies = (
				C2E174202A930119002CA2CD /* PBXTargetDependency */,
			);
			name = Playground;
			packageProductDependencies = (
				C21AAA182A7511A90061100A /* SwingAnimation */,
			);
			productName = Playground;
			productReference = C21AAA062A7510C70061100A /* Playground.app */;
			productType = "com.apple.product-type.application";
		};
		C2E174132A930118002CA2CD /* FancyWidgetExtension */ = {
			isa = PBXNativeTarget;
			buildConfigurationList = C2E174222A930119002CA2CD /* Build configuration list for PBXNativeTarget "FancyWidgetExtension" */;
			buildPhases = (
				C2E174102A930118002CA2CD /* Sources */,
				C2E174112A930118002CA2CD /* Frameworks */,
				C2E174122A930118002CA2CD /* Resources */,
			);
			buildRules = (
			);
			dependencies = (
			);
			name = FancyWidgetExtension;
			packageProductDependencies = (
				C2E174252A930187002CA2CD /* SwingAnimation */,
			);
			productName = FancyWidgetExtension;
			productReference = C2E174142A930118002CA2CD /* FancyWidgetExtension.appex */;
			productType = "com.apple.product-type.app-extension";
		};
/* End PBXNativeTarget section */

/* Begin PBXProject section */
		C21AA9FE2A7510C70061100A /* Project object */ = {
			isa = PBXProject;
			attributes = {
				BuildIndependentTargetsInParallel = 1;
				LastSwiftUpdateCheck = 1430;
				LastUpgradeCheck = 1500;
				TargetAttributes = {
					C21AAA052A7510C70061100A = {
						CreatedOnToolsVersion = 15.0;
					};
					C2E174132A930118002CA2CD = {
						CreatedOnToolsVersion = 14.3.1;
					};
				};
			};
			buildConfigurationList = C21AAA012A7510C70061100A /* Build configuration list for PBXProject "Playground" */;
			compatibilityVersion = "Xcode 14.0";
			developmentRegion = en;
			hasScannedForEncodings = 0;
			knownRegions = (
				en,
				Base,
			);
			mainGroup = C21AA9FD2A7510C70061100A;
			productRefGroup = C21AAA072A7510C70061100A /* Products */;
			projectDirPath = "";
			projectRoot = "";
			targets = (
				C21AAA052A7510C70061100A /* Playground */,
				C2E174132A930118002CA2CD /* FancyWidgetExtension */,
			);
		};
/* End PBXProject section */

/* Begin PBXResourcesBuildPhase section */
		C21AAA042A7510C70061100A /* Resources */ = {
			isa = PBXResourcesBuildPhase;
			buildActionMask = 2147483647;
			files = (
				C21AAA112A7510CA0061100A /* Preview Assets.xcassets in Resources */,
				C21AAA0E2A7510CA0061100A /* Assets.xcassets in Resources */,
			);
			runOnlyForDeploymentPostprocessing = 0;
		};
		C2E174122A930118002CA2CD /* Resources */ = {
			isa = PBXResourcesBuildPhase;
			buildActionMask = 2147483647;
			files = (
				C2E1741D2A930119002CA2CD /* Assets.xcassets in Resources */,
			);
			runOnlyForDeploymentPostprocessing = 0;
		};
/* End PBXResourcesBuildPhase section */

/* Begin PBXSourcesBuildPhase section */
		C21AAA022A7510C70061100A /* Sources */ = {
			isa = PBXSourcesBuildPhase;
			buildActionMask = 2147483647;
			files = (
				C21AAA0C2A7510C70061100A /* ContentView.swift in Sources */,
				C21AAA0A2A7510C70061100A /* PlaygroundApp.swift in Sources */,
			);
			runOnlyForDeploymentPostprocessing = 0;
		};
		C2E174102A930118002CA2CD /* Sources */ = {
			isa = PBXSourcesBuildPhase;
			buildActionMask = 2147483647;
			files = (
				C2E174192A930118002CA2CD /* FancyWidgetBundle.swift in Sources */,
				C2E1741B2A930118002CA2CD /* FancyWidget.swift in Sources */,
			);
			runOnlyForDeploymentPostprocessing = 0;
		};
/* End PBXSourcesBuildPhase section */

/* Begin PBXTargetDependency section */
		C2E174202A930119002CA2CD /* PBXTargetDependency */ = {
			isa = PBXTargetDependency;
			target = C2E174132A930118002CA2CD /* FancyWidgetExtension */;
			targetProxy = C2E1741F2A930119002CA2CD /* PBXContainerItemProxy */;
		};
/* End PBXTargetDependency section */

/* Begin XCBuildConfiguration section */
		C21AAA122A7510CA0061100A /* Debug */ = {
			isa = XCBuildConfiguration;
			buildSettings = {
				ALWAYS_SEARCH_USER_PATHS = NO;
				ASSETCATALOG_COMPILER_GENERATE_SWIFT_ASSET_SYMBOL_EXTENSIONS = YES;
				CLANG_ANALYZER_NONNULL = YES;
				CLANG_ANALYZER_NUMBER_OBJECT_CONVERSION = YES_AGGRESSIVE;
				CLANG_CXX_LANGUAGE_STANDARD = "gnu++20";
				CLANG_ENABLE_MODULES = YES;
				CLANG_ENABLE_OBJC_ARC = YES;
				CLANG_ENABLE_OBJC_WEAK = YES;
				CLANG_WARN_BLOCK_CAPTURE_AUTORELEASING = YES;
				CLANG_WARN_BOOL_CONVERSION = YES;
				CLANG_WARN_COMMA = YES;
				CLANG_WARN_CONSTANT_CONVERSION = YES;
				CLANG_WARN_DEPRECATED_OBJC_IMPLEMENTATIONS = YES;
				CLANG_WARN_DIRECT_OBJC_ISA_USAGE = YES_ERROR;
				CLANG_WARN_DOCUMENTATION_COMMENTS = YES;
				CLANG_WARN_EMPTY_BODY = YES;
				CLANG_WARN_ENUM_CONVERSION = YES;
				CLANG_WARN_INFINITE_RECURSION = YES;
				CLANG_WARN_INT_CONVERSION = YES;
				CLANG_WARN_NON_LITERAL_NULL_CONVERSION = YES;
				CLANG_WARN_OBJC_IMPLICIT_RETAIN_SELF = YES;
				CLANG_WARN_OBJC_LITERAL_CONVERSION = YES;
				CLANG_WARN_OBJC_ROOT_CLASS = YES_ERROR;
				CLANG_WARN_QUOTED_INCLUDE_IN_FRAMEWORK_HEADER = YES;
				CLANG_WARN_RANGE_LOOP_ANALYSIS = YES;
				CLANG_WARN_STRICT_PROTOTYPES = YES;
				CLANG_WARN_SUSPICIOUS_MOVE = YES;
				CLANG_WARN_UNGUARDED_AVAILABILITY = YES_AGGRESSIVE;
				CLANG_WARN_UNREACHABLE_CODE = YES;
				CLANG_WARN__DUPLICATE_METHOD_MATCH = YES;
				COPY_PHASE_STRIP = NO;
				DEBUG_INFORMATION_FORMAT = dwarf;
				ENABLE_STRICT_OBJC_MSGSEND = YES;
				ENABLE_TESTABILITY = YES;
				ENABLE_USER_SCRIPT_SANDBOXING = YES;
				GCC_C_LANGUAGE_STANDARD = gnu17;
				GCC_DYNAMIC_NO_PIC = NO;
				GCC_NO_COMMON_BLOCKS = YES;
				GCC_OPTIMIZATION_LEVEL = 0;
				GCC_PREPROCESSOR_DEFINITIONS = (
					"DEBUG=1",
					"$(inherited)",
				);
				GCC_WARN_64_TO_32_BIT_CONVERSION = YES;
				GCC_WARN_ABOUT_RETURN_TYPE = YES_ERROR;
				GCC_WARN_UNDECLARED_SELECTOR = YES;
				GCC_WARN_UNINITIALIZED_AUTOS = YES_AGGRESSIVE;
				GCC_WARN_UNUSED_FUNCTION = YES;
				GCC_WARN_UNUSED_VARIABLE = YES;
				IPHONEOS_DEPLOYMENT_TARGET = 16.0;
				LOCALIZATION_PREFERS_STRING_CATALOGS = YES;
				MTL_ENABLE_DEBUG_INFO = INCLUDE_SOURCE;
				MTL_FAST_MATH = YES;
				ONLY_ACTIVE_ARCH = YES;
				SDKROOT = iphoneos;
				SWIFT_ACTIVE_COMPILATION_CONDITIONS = "DEBUG $(inherited)";
				SWIFT_OPTIMIZATION_LEVEL = "-Onone";
			};
			name = Debug;
		};
		C21AAA132A7510CA0061100A /* Release */ = {
			isa = XCBuildConfiguration;
			buildSettings = {
				ALWAYS_SEARCH_USER_PATHS = NO;
				ASSETCATALOG_COMPILER_GENERATE_SWIFT_ASSET_SYMBOL_EXTENSIONS = YES;
				CLANG_ANALYZER_NONNULL = YES;
				CLANG_ANALYZER_NUMBER_OBJECT_CONVERSION = YES_AGGRESSIVE;
				CLANG_CXX_LANGUAGE_STANDARD = "gnu++20";
				CLANG_ENABLE_MODULES = YES;
				CLANG_ENABLE_OBJC_ARC = YES;
				CLANG_ENABLE_OBJC_WEAK = YES;
				CLANG_WARN_BLOCK_CAPTURE_AUTORELEASING = YES;
				CLANG_WARN_BOOL_CONVERSION = YES;
				CLANG_WARN_COMMA = YES;
				CLANG_WARN_CONSTANT_CONVERSION = YES;
				CLANG_WARN_DEPRECATED_OBJC_IMPLEMENTATIONS = YES;
				CLANG_WARN_DIRECT_OBJC_ISA_USAGE = YES_ERROR;
				CLANG_WARN_DOCUMENTATION_COMMENTS = YES;
				CLANG_WARN_EMPTY_BODY = YES;
				CLANG_WARN_ENUM_CONVERSION = YES;
				CLANG_WARN_INFINITE_RECURSION = YES;
				CLANG_WARN_INT_CONVERSION = YES;
				CLANG_WARN_NON_LITERAL_NULL_CONVERSION = YES;
				CLANG_WARN_OBJC_IMPLICIT_RETAIN_SELF = YES;
				CLANG_WARN_OBJC_LITERAL_CONVERSION = YES;
				CLANG_WARN_OBJC_ROOT_CLASS = YES_ERROR;
				CLANG_WARN_QUOTED_INCLUDE_IN_FRAMEWORK_HEADER = YES;
				CLANG_WARN_RANGE_LOOP_ANALYSIS = YES;
				CLANG_WARN_STRICT_PROTOTYPES = YES;
				CLANG_WARN_SUSPICIOUS_MOVE = YES;
				CLANG_WARN_UNGUARDED_AVAILABILITY = YES_AGGRESSIVE;
				CLANG_WARN_UNREACHABLE_CODE = YES;
				CLANG_WARN__DUPLICATE_METHOD_MATCH = YES;
				COPY_PHASE_STRIP = NO;
				DEBUG_INFORMATION_FORMAT = "dwarf-with-dsym";
				ENABLE_NS_ASSERTIONS = NO;
				ENABLE_STRICT_OBJC_MSGSEND = YES;
				ENABLE_USER_SCRIPT_SANDBOXING = YES;
				GCC_C_LANGUAGE_STANDARD = gnu17;
				GCC_NO_COMMON_BLOCKS = YES;
				GCC_WARN_64_TO_32_BIT_CONVERSION = YES;
				GCC_WARN_ABOUT_RETURN_TYPE = YES_ERROR;
				GCC_WARN_UNDECLARED_SELECTOR = YES;
				GCC_WARN_UNINITIALIZED_AUTOS = YES_AGGRESSIVE;
				GCC_WARN_UNUSED_FUNCTION = YES;
				GCC_WARN_UNUSED_VARIABLE = YES;
				IPHONEOS_DEPLOYMENT_TARGET = 16.0;
				LOCALIZATION_PREFERS_STRING_CATALOGS = YES;
				MTL_ENABLE_DEBUG_INFO = NO;
				MTL_FAST_MATH = YES;
				SDKROOT = iphoneos;
				SWIFT_COMPILATION_MODE = wholemodule;
				VALIDATE_PRODUCT = YES;
			};
			name = Release;
		};
		C21AAA152A7510CA0061100A /* Debug */ = {
			isa = XCBuildConfiguration;
			buildSettings = {
				ALWAYS_EMBED_SWIFT_STANDARD_LIBRARIES = YES;
				ASSETCATALOG_COMPILER_APPICON_NAME = AppIcon;
				ASSETCATALOG_COMPILER_GLOBAL_ACCENT_COLOR_NAME = AccentColor;
				CODE_SIGN_STYLE = Automatic;
				CURRENT_PROJECT_VERSION = 1;
				DEVELOPMENT_ASSET_PATHS = "\"Playground/Preview Content\"";
				DEVELOPMENT_TEAM = 7A5GV3DH33;
				ENABLE_PREVIEWS = YES;
				GENERATE_INFOPLIST_FILE = YES;
				INFOPLIST_KEY_UIApplicationSceneManifest_Generation = YES;
				INFOPLIST_KEY_UIApplicationSupportsIndirectInputEvents = YES;
				INFOPLIST_KEY_UILaunchScreen_Generation = YES;
				INFOPLIST_KEY_UISupportedInterfaceOrientations_iPad = "UIInterfaceOrientationPortrait UIInterfaceOrientationPortraitUpsideDown UIInterfaceOrientationLandscapeLeft UIInterfaceOrientationLandscapeRight";
				INFOPLIST_KEY_UISupportedInterfaceOrientations_iPhone = "UIInterfaceOrientationPortrait UIInterfaceOrientationLandscapeLeft UIInterfaceOrientationLandscapeRight";
				LD_RUNPATH_SEARCH_PATHS = (
					"$(inherited)",
					"@executable_path/Frameworks",
				);
				MARKETING_VERSION = 1.0;
				PRODUCT_BUNDLE_IDENTIFIER = io.ijk.Playground;
				PRODUCT_NAME = "$(TARGET_NAME)";
				SWIFT_EMIT_LOC_STRINGS = YES;
				SWIFT_VERSION = 5.0;
				TARGETED_DEVICE_FAMILY = "1,2";
			};
			name = Debug;
		};
		C21AAA162A7510CA0061100A /* Release */ = {
			isa = XCBuildConfiguration;
			buildSettings = {
				ALWAYS_EMBED_SWIFT_STANDARD_LIBRARIES = YES;
				ASSETCATALOG_COMPILER_APPICON_NAME = AppIcon;
				ASSETCATALOG_COMPILER_GLOBAL_ACCENT_COLOR_NAME = AccentColor;
				CODE_SIGN_STYLE = Automatic;
				CURRENT_PROJECT_VERSION = 1;
				DEVELOPMENT_ASSET_PATHS = "\"Playground/Preview Content\"";
				DEVELOPMENT_TEAM = 7A5GV3DH33;
				ENABLE_PREVIEWS = YES;
				GENERATE_INFOPLIST_FILE = YES;
				INFOPLIST_KEY_UIApplicationSceneManifest_Generation = YES;
				INFOPLIST_KEY_UIApplicationSupportsIndirectInputEvents = YES;
				INFOPLIST_KEY_UILaunchScreen_Generation = YES;
				INFOPLIST_KEY_UISupportedInterfaceOrientations_iPad = "UIInterfaceOrientationPortrait UIInterfaceOrientationPortraitUpsideDown UIInterfaceOrientationLandscapeLeft UIInterfaceOrientationLandscapeRight";
				INFOPLIST_KEY_UISupportedInterfaceOrientations_iPhone = "UIInterfaceOrientationPortrait UIInterfaceOrientationLandscapeLeft UIInterfaceOrientationLandscapeRight";
				LD_RUNPATH_SEARCH_PATHS = (
					"$(inherited)",
					"@executable_path/Frameworks",
				);
				MARKETING_VERSION = 1.0;
				PRODUCT_BUNDLE_IDENTIFIER = io.ijk.Playground;
				PRODUCT_NAME = "$(TARGET_NAME)";
				SWIFT_EMIT_LOC_STRINGS = YES;
				SWIFT_VERSION = 5.0;
				TARGETED_DEVICE_FAMILY = "1,2";
			};
			name = Release;
		};
		C2E174232A930119002CA2CD /* Debug */ = {
			isa = XCBuildConfiguration;
			buildSettings = {
				ASSETCATALOG_COMPILER_GLOBAL_ACCENT_COLOR_NAME = AccentColor;
				ASSETCATALOG_COMPILER_WIDGET_BACKGROUND_COLOR_NAME = WidgetBackground;
				CODE_SIGN_STYLE = Automatic;
				CURRENT_PROJECT_VERSION = 1;
				DEVELOPMENT_TEAM = 7A5GV3DH33;
				GCC_C_LANGUAGE_STANDARD = gnu11;
				GENERATE_INFOPLIST_FILE = YES;
				INFOPLIST_FILE = FancyWidget/Info.plist;
				INFOPLIST_KEY_CFBundleDisplayName = FancyWidget;
				INFOPLIST_KEY_NSHumanReadableCopyright = "";
				IPHONEOS_DEPLOYMENT_TARGET = 16.4;
				LD_RUNPATH_SEARCH_PATHS = (
					"$(inherited)",
					"@executable_path/Frameworks",
					"@executable_path/../../Frameworks",
				);
				MARKETING_VERSION = 1.0;
				PRODUCT_BUNDLE_IDENTIFIER = io.ijk.Playground.FancyWidget;
				PRODUCT_NAME = "$(TARGET_NAME)";
				SKIP_INSTALL = YES;
				SWIFT_ACTIVE_COMPILATION_CONDITIONS = DEBUG;
				SWIFT_EMIT_LOC_STRINGS = YES;
				SWIFT_VERSION = 5.0;
				TARGETED_DEVICE_FAMILY = "1,2";
			};
			name = Debug;
		};
		C2E174242A930119002CA2CD /* Release */ = {
			isa = XCBuildConfiguration;
			buildSettings = {
				ASSETCATALOG_COMPILER_GLOBAL_ACCENT_COLOR_NAME = AccentColor;
				ASSETCATALOG_COMPILER_WIDGET_BACKGROUND_COLOR_NAME = WidgetBackground;
				CODE_SIGN_STYLE = Automatic;
				CURRENT_PROJECT_VERSION = 1;
				DEVELOPMENT_TEAM = 7A5GV3DH33;
				GCC_C_LANGUAGE_STANDARD = gnu11;
				GENERATE_INFOPLIST_FILE = YES;
				INFOPLIST_FILE = FancyWidget/Info.plist;
				INFOPLIST_KEY_CFBundleDisplayName = FancyWidget;
				INFOPLIST_KEY_NSHumanReadableCopyright = "";
				IPHONEOS_DEPLOYMENT_TARGET = 16.4;
				LD_RUNPATH_SEARCH_PATHS = (
					"$(inherited)",
					"@executable_path/Frameworks",
					"@executable_path/../../Frameworks",
				);
				MARKETING_VERSION = 1.0;
				PRODUCT_BUNDLE_IDENTIFIER = io.ijk.Playground.FancyWidget;
				PRODUCT_NAME = "$(TARGET_NAME)";
				SKIP_INSTALL = YES;
				SWIFT_EMIT_LOC_STRINGS = YES;
				SWIFT_OPTIMIZATION_LEVEL = "-O";
				SWIFT_VERSION = 5.0;
				TARGETED_DEVICE_FAMILY = "1,2";
			};
			name = Release;
		};
/* End XCBuildConfiguration section */

/* Begin XCConfigurationList section */
		C21AAA012A7510C70061100A /* Build configuration list for PBXProject "Playground" */ = {
			isa = XCConfigurationList;
			buildConfigurations = (
				C21AAA122A7510CA0061100A /* Debug */,
				C21AAA132A7510CA0061100A /* Release */,
			);
			defaultConfigurationIsVisible = 0;
			defaultConfigurationName = Release;
		};
		C21AAA142A7510CA0061100A /* Build configuration list for PBXNativeTarget "Playground" */ = {
			isa = XCConfigurationList;
			buildConfigurations = (
				C21AAA152A7510CA0061100A /* Debug */,
				C21AAA162A7510CA0061100A /* Release */,
			);
			defaultConfigurationIsVisible = 0;
			defaultConfigurationName = Release;
		};
		C2E174222A930119002CA2CD /* Build configuration list for PBXNativeTarget "FancyWidgetExtension" */ = {
			isa = XCConfigurationList;
			buildConfigurations = (
				C2E174232A930119002CA2CD /* Debug */,
				C2E174242A930119002CA2CD /* Release */,
			);
			defaultConfigurationIsVisible = 0;
			defaultConfigurationName = Release;
		};
/* End XCConfigurationList section */

/* Begin XCSwiftPackageProductDependency section */
		C21AAA182A7511A90061100A /* SwingAnimation */ = {
			isa = XCSwiftPackageProductDependency;
			productName = SwingAnimation;
		};
		C2E174252A930187002CA2CD /* SwingAnimation */ = {
			isa = XCSwiftPackageProductDependency;
			productName = SwingAnimation;
		};
/* End XCSwiftPackageProductDependency section */
	};
	rootObject = C21AA9FE2A7510C70061100A /* Project object */;
}
